
Microsoft Visual Studio Solution File, Format Version 12.00
# Visual Studio Version 16
VisualStudioVersion = 16.0.31205.134
MinimumVisualStudioVersion = 10.0.40219.1
Project("{FAE04EC0-301F-11D3-BF4B-00C04F79EFBC}") = "vigenerecipher", "vigenerecipher\vigenerecipher.csproj", "{93CE4DF3-8F0B-4962-B0D4-234307815C10}"
EndProject
Global
	GlobalSection(SolutionConfigurationPlatforms) = preSolution
		Debug|Any CPU = Debug|Any CPU
		Release|Any CPU = Release|Any CPU
	EndGlobalSection
	GlobalSection(ProjectConfigurationPlatforms) = postSolution
		{93CE4DF3-8F0B-4962-B0D4-234307815C10}.Debug|Any CPU.ActiveCfg = Debug|Any CPU
		{93CE4DF3-8F0B-4962-B0D4-234307815C10}.Debug|Any CPU.Build.0 = Debug|Any CPU
		{93CE4DF3-8F0B-4962-B0D4-234307815C10}.Release|Any CPU.ActiveCfg = Release|Any CPU
		{93CE4DF3-8F0B-4962-B0D4-234307815C10}.Release|Any CPU.Build.0 = Release|Any CPU
	EndGlobalSection
	GlobalSection(SolutionProperties) = preSolution
		HideSolutionNode = FALSE
	EndGlobalSection
	GlobalSection(ExtensibilityGlobals) = postSolution
		SolutionGuid = {4F07D8A6-AF2D-4088-8031-583883483490}
	EndGlobalSection
EndGlobal
